{
  "requires": true,
  "lockfileVersion": 1,
  "dependencies": {
    "@ionic/core": {
      "version": "4.4.0",
      "resolved": "https://registry.npmjs.org/@ionic/core/-/core-4.4.0.tgz",
      "integrity": "sha512-GKu2qwapAG7dipvBG9RdzSxt/CmQXzO7eIa6Wg6uxuNmGE0WSc6fPZmE0YlFD1dkgvhzSY23XBiWVZMgnH/Wdg==",
      "requires": {
        "ionicons": "4.5.6"
      }
    },
    "@ionic/vue": {
      "version": "0.0.4",
      "resolved": "https://registry.npmjs.org/@ionic/vue/-/vue-0.0.4.tgz",
      "integrity": "sha512-SlLb9nhFcsUQ2u0cfZJBTEICp6bUghEGY2w/iP0RLnXjkdK5ht5Cu4pJrT4FIzrEpZ5rlf50x244pT3xV+yZJg==",
      "requires": {
        "@ionic/core": "^4.0.0"
      }
    },
    "ionicons": {
      "version": "4.5.6",
      "resolved": "https://registry.npmjs.org/ionicons/-/ionicons-4.5.6.tgz",
      "integrity": "sha512-/F3U/rxdLPGl8eUW5dMouhBBoJuUPrlFO6rkoz4VNuw1lxP6l+bFtsDA8MaVM1dHABp+gIHxtpt+IhwmB3oIfA=="
    },
    "vue": {
      "version": "2.6.10",
      "resolved": "https://registry.npmjs.org/vue/-/vue-2.6.10.tgz",
      "integrity": "sha512-ImThpeNU9HbdZL3utgMCq0oiMzAkt1mcgy3/E6zWC/G6AaQoeuFdsl9nDhTDU3X1R6FK7nsIUuRACVcjI+A2GQ=="
    },
    "vue-router": {
      "version": "3.0.6",
      "resolved": "https://registry.npmjs.org/vue-router/-/vue-router-3.0.6.tgz",
      "integrity": "sha512-Ox0ciFLswtSGRTHYhGvx2L44sVbTPNS+uD2kRISuo8B39Y79rOo0Kw0hzupTmiVtftQYCZl87mwldhh2L9Aquw=="
    }
  }
}
